
Microsoft Visual Studio Solution File, Format Version 12.00
# Visual Studio 15
VisualStudioVersion = 15.0.27130.2020
MinimumVisualStudioVersion = 10.0.40219.1
Project("{FAE04EC0-301F-11D3-BF4B-00C04F79EFBC}") = "Asteroid", "Asteroid\Asteroid.csproj", "{76F51183-A4AC-411C-A64B-F392A9229ACE}"
EndProject
Global
	GlobalSection(SolutionConfigurationPlatforms) = preSolution
		Debug|Any CPU = Debug|Any CPU
		Release|Any CPU = Release|Any CPU
	EndGlobalSection
	GlobalSection(ProjectConfigurationPlatforms) = postSolution
		{76F51183-A4AC-411C-A64B-F392A9229ACE}.Debug|Any CPU.ActiveCfg = Debug|Any CPU
		{76F51183-A4AC-411C-A64B-F392A9229ACE}.Debug|Any CPU.Build.0 = Debug|Any CPU
		{76F51183-A4AC-411C-A64B-F392A9229ACE}.Release|Any CPU.ActiveCfg = Release|Any CPU
		{76F51183-A4AC-411C-A64B-F392A9229ACE}.Release|Any CPU.Build.0 = Release|Any CPU
	EndGlobalSection
	GlobalSection(SolutionProperties) = preSolution
		HideSolutionNode = FALSE
	EndGlobalSection
	GlobalSection(ExtensibilityGlobals) = postSolution
		SolutionGuid = {CD5047F3-5159-4F6A-ACCB-0F826A08A584}
	EndGlobalSection
EndGlobal
