
Microsoft Visual Studio Solution File, Format Version 12.00
# Visual Studio 15
VisualStudioVersion = 15.0.27130.2020
MinimumVisualStudioVersion = 10.0.40219.1
Project("{FAE04EC0-301F-11D3-BF4B-00C04F79EFBC}") = "Min Max", "Min Max\Min Max.csproj", "{AFD7FA0B-CD30-4026-A073-312FB2FAA2DF}"
EndProject
Global
	GlobalSection(SolutionConfigurationPlatforms) = preSolution
		Debug|Any CPU = Debug|Any CPU
		Release|Any CPU = Release|Any CPU
	EndGlobalSection
	GlobalSection(ProjectConfigurationPlatforms) = postSolution
		{AFD7FA0B-CD30-4026-A073-312FB2FAA2DF}.Debug|Any CPU.ActiveCfg = Debug|Any CPU
		{AFD7FA0B-CD30-4026-A073-312FB2FAA2DF}.Debug|Any CPU.Build.0 = Debug|Any CPU
		{AFD7FA0B-CD30-4026-A073-312FB2FAA2DF}.Release|Any CPU.ActiveCfg = Release|Any CPU
		{AFD7FA0B-CD30-4026-A073-312FB2FAA2DF}.Release|Any CPU.Build.0 = Release|Any CPU
	EndGlobalSection
	GlobalSection(SolutionProperties) = preSolution
		HideSolutionNode = FALSE
	EndGlobalSection
	GlobalSection(ExtensibilityGlobals) = postSolution
		SolutionGuid = {EA245281-F82D-41A9-A10A-D9056F3996CC}
	EndGlobalSection
EndGlobal
