
Microsoft Visual Studio Solution File, Format Version 12.00
# Visual Studio 15
VisualStudioVersion = 15.0.27130.2020
MinimumVisualStudioVersion = 10.0.40219.1
Project("{FAE04EC0-301F-11D3-BF4B-00C04F79EFBC}") = "graphics", "graphics\graphics.csproj", "{AE3D0B12-F759-4FDC-AF90-4E1ED4E889A2}"
EndProject
Global
	GlobalSection(SolutionConfigurationPlatforms) = preSolution
		Debug|Any CPU = Debug|Any CPU
		Release|Any CPU = Release|Any CPU
	EndGlobalSection
	GlobalSection(ProjectConfigurationPlatforms) = postSolution
		{AE3D0B12-F759-4FDC-AF90-4E1ED4E889A2}.Debug|Any CPU.ActiveCfg = Debug|Any CPU
		{AE3D0B12-F759-4FDC-AF90-4E1ED4E889A2}.Debug|Any CPU.Build.0 = Debug|Any CPU
		{AE3D0B12-F759-4FDC-AF90-4E1ED4E889A2}.Release|Any CPU.ActiveCfg = Release|Any CPU
		{AE3D0B12-F759-4FDC-AF90-4E1ED4E889A2}.Release|Any CPU.Build.0 = Release|Any CPU
	EndGlobalSection
	GlobalSection(SolutionProperties) = preSolution
		HideSolutionNode = FALSE
	EndGlobalSection
	GlobalSection(ExtensibilityGlobals) = postSolution
		SolutionGuid = {0AFDE385-65A9-4D03-9B5B-AC1DD1AFF959}
	EndGlobalSection
EndGlobal
