
Microsoft Visual Studio Solution File, Format Version 12.00
# Visual Studio 15
VisualStudioVersion = 15.0.27130.2020
MinimumVisualStudioVersion = 10.0.40219.1
Project("{FAE04EC0-301F-11D3-BF4B-00C04F79EFBC}") = "lab1", "lab1\lab1.csproj", "{44D881E6-B691-497D-9DB7-07E1DD81525B}"
EndProject
Global
	GlobalSection(SolutionConfigurationPlatforms) = preSolution
		Debug|Any CPU = Debug|Any CPU
		Release|Any CPU = Release|Any CPU
	EndGlobalSection
	GlobalSection(ProjectConfigurationPlatforms) = postSolution
		{44D881E6-B691-497D-9DB7-07E1DD81525B}.Debug|Any CPU.ActiveCfg = Debug|Any CPU
		{44D881E6-B691-497D-9DB7-07E1DD81525B}.Debug|Any CPU.Build.0 = Debug|Any CPU
		{44D881E6-B691-497D-9DB7-07E1DD81525B}.Release|Any CPU.ActiveCfg = Release|Any CPU
		{44D881E6-B691-497D-9DB7-07E1DD81525B}.Release|Any CPU.Build.0 = Release|Any CPU
	EndGlobalSection
	GlobalSection(SolutionProperties) = preSolution
		HideSolutionNode = FALSE
	EndGlobalSection
	GlobalSection(ExtensibilityGlobals) = postSolution
		SolutionGuid = {100CF687-5901-4556-BC64-02AF2ED6A2D6}
	EndGlobalSection
EndGlobal
