
Microsoft Visual Studio Solution File, Format Version 12.00
# Visual Studio 15
VisualStudioVersion = 15.0.27130.2020
MinimumVisualStudioVersion = 10.0.40219.1
Project("{FAE04EC0-301F-11D3-BF4B-00C04F79EFBC}") = "min prime", "min prime\min prime.csproj", "{4E908D7C-3CF3-43E3-8578-6428A1112D9D}"
EndProject
Global
	GlobalSection(SolutionConfigurationPlatforms) = preSolution
		Debug|Any CPU = Debug|Any CPU
		Release|Any CPU = Release|Any CPU
	EndGlobalSection
	GlobalSection(ProjectConfigurationPlatforms) = postSolution
		{4E908D7C-3CF3-43E3-8578-6428A1112D9D}.Debug|Any CPU.ActiveCfg = Debug|Any CPU
		{4E908D7C-3CF3-43E3-8578-6428A1112D9D}.Debug|Any CPU.Build.0 = Debug|Any CPU
		{4E908D7C-3CF3-43E3-8578-6428A1112D9D}.Release|Any CPU.ActiveCfg = Release|Any CPU
		{4E908D7C-3CF3-43E3-8578-6428A1112D9D}.Release|Any CPU.Build.0 = Release|Any CPU
	EndGlobalSection
	GlobalSection(SolutionProperties) = preSolution
		HideSolutionNode = FALSE
	EndGlobalSection
	GlobalSection(ExtensibilityGlobals) = postSolution
		SolutionGuid = {DE05B2EE-F172-4D78-9D2E-AFAD590DEF6F}
	EndGlobalSection
EndGlobal
